// !$*UTF8*$!
{
	archiveVersion = 1;
	classes = {
	};
	objectVersion = 55;
	objects = {

/* Begin PBXBuildFile section */
		224A431F28D61861008BEADC /* AppDelegate.swift in Sources */ = {isa = PBXBuildFile; fileRef = 224A431E28D61861008BEADC /* AppDelegate.swift */; };
		224A432128D61861008BEADC /* ContentView.swift in Sources */ = {isa = PBXBuildFile; fileRef = 224A432028D61861008BEADC /* ContentView.swift */; };
		224A432528D61862008BEADC /* Assets.xcassets in Resources */ = {isa = PBXBuildFile; fileRef = 224A432428D61862008BEADC /* Assets.xcassets */; };
		224A432828D61862008BEADC /* Preview Assets.xcassets in Resources */ = {isa = PBXBuildFile; fileRef = 224A432728D61862008BEADC /* Preview Assets.xcassets */; };
		2261F0A628D626430018DB5D /* ButtonBar.swift in Sources */ = {isa = PBXBuildFile; fileRef = 2261F0A528D626430018DB5D /* ButtonBar.swift */; };
		228FB93628D676A5009BAE57 /* SpraySound.mp3 in Resources */ = {isa = PBXBuildFile; fileRef = 228FB93528D676A5009BAE57 /* SpraySound.mp3 */; };
		368BF67428D642B0003B6304 /* Slider.swift in Sources */ = {isa = PBXBuildFile; fileRef = 368BF67328D642B0003B6304 /* Slider.swift */; };
		368BF67628D660EA003B6304 /* ColorPicker.swift in Sources */ = {isa = PBXBuildFile; fileRef = 368BF67528D660EA003B6304 /* ColorPicker.swift */; };
		368BF67828D69680003B6304 /* SprayCan_Transparent.png in Resources */ = {isa = PBXBuildFile; fileRef = 368BF67728D69680003B6304 /* SprayCan_Transparent.png */; };
		368BF67A28D69688003B6304 /* SprayCan_Transparent_pressed.png in Resources */ = {isa = PBXBuildFile; fileRef = 368BF67928D69688003B6304 /* SprayCan_Transparent_pressed.png */; };
		A14F5C6328D61E58008D1427 /* Coordinator.swift in Sources */ = {isa = PBXBuildFile; fileRef = A14F5C6228D61E58008D1427 /* Coordinator.swift */; };
/* End PBXBuildFile section */

/* Begin PBXFileReference section */
		224A431B28D61861008BEADC /* GraffitexApp.app */ = {isa = PBXFileReference; explicitFileType = wrapper.application; includeInIndex = 0; path = GraffitexApp.app; sourceTree = BUILT_PRODUCTS_DIR; };
		224A431E28D61861008BEADC /* AppDelegate.swift */ = {isa = PBXFileReference; lastKnownFileType = sourcecode.swift; path = AppDelegate.swift; sourceTree = "<group>"; };
		224A432028D61861008BEADC /* ContentView.swift */ = {isa = PBXFileReference; lastKnownFileType = sourcecode.swift; path = ContentView.swift; sourceTree = "<group>"; };
		224A432428D61862008BEADC /* Assets.xcassets */ = {isa = PBXFileReference; lastKnownFileType = folder.assetcatalog; path = Assets.xcassets; sourceTree = "<group>"; };
		224A432728D61862008BEADC /* Preview Assets.xcassets */ = {isa = PBXFileReference; lastKnownFileType = folder.assetcatalog; path = "Preview Assets.xcassets"; sourceTree = "<group>"; };
		2261F0A528D626430018DB5D /* ButtonBar.swift */ = {isa = PBXFileReference; lastKnownFileType = sourcecode.swift; path = ButtonBar.swift; sourceTree = "<group>"; };
		228FB93528D676A5009BAE57 /* SpraySound.mp3 */ = {isa = PBXFileReference; lastKnownFileType = audio.mp3; path = SpraySound.mp3; sourceTree = "<group>"; };
		368BF67328D642B0003B6304 /* Slider.swift */ = {isa = PBXFileReference; lastKnownFileType = sourcecode.swift; path = Slider.swift; sourceTree = "<group>"; };
		368BF67528D660EA003B6304 /* ColorPicker.swift */ = {isa = PBXFileReference; lastKnownFileType = sourcecode.swift; path = ColorPicker.swift; sourceTree = "<group>"; };
		368BF67728D69680003B6304 /* SprayCan_Transparent.png */ = {isa = PBXFileReference; lastKnownFileType = image.png; name = SprayCan_Transparent.png; path = ../../../SprayCan_Transparent.png; sourceTree = "<group>"; };
		368BF67928D69688003B6304 /* SprayCan_Transparent_pressed.png */ = {isa = PBXFileReference; lastKnownFileType = image.png; name = SprayCan_Transparent_pressed.png; path = ../../../SprayCan_Transparent_pressed.png; sourceTree = "<group>"; };
		A14F5C6228D61E58008D1427 /* Coordinator.swift */ = {isa = PBXFileReference; lastKnownFileType = sourcecode.swift; path = Coordinator.swift; sourceTree = "<group>"; };
/* End PBXFileReference section */

/* Begin PBXFrameworksBuildPhase section */
		224A431828D61861008BEADC /* Frameworks */ = {
			isa = PBXFrameworksBuildPhase;
			buildActionMask = 2147483647;
			files = (
			);
			runOnlyForDeploymentPostprocessing = 0;
		};
/* End PBXFrameworksBuildPhase section */

/* Begin PBXGroup section */
		224A431228D61861008BEADC = {
			isa = PBXGroup;
			children = (
				224A431D28D61861008BEADC /* GraffitexApp */,
				224A431C28D61861008BEADC /* Products */,
			);
			sourceTree = "<group>";
		};
		224A431C28D61861008BEADC /* Products */ = {
			isa = PBXGroup;
			children = (
				224A431B28D61861008BEADC /* GraffitexApp.app */,
			);
			name = Products;
			sourceTree = "<group>";
		};
		224A431D28D61861008BEADC /* GraffitexApp */ = {
			isa = PBXGroup;
			children = (
				224A431E28D61861008BEADC /* AppDelegate.swift */,
				228FB93428D6767E009BAE57 /* Audio */,
				2261F0A428D625CB0018DB5D /* Model */,
				A14F5C6428D61E6B008D1427 /* Extensions */,
				A14F5C6528D61E74008D1427 /* Views */,
				A14F5C5F28D61D26008D1427 /* Components */,
				224A432428D61862008BEADC /* Assets.xcassets */,
				368BF67728D69680003B6304 /* SprayCan_Transparent.png */,
				368BF67928D69688003B6304 /* SprayCan_Transparent_pressed.png */,
				A14F5C6128D61D39008D1427 /* Resources */,
				A14F5C6028D61D31008D1427 /* Coordinators */,
				224A432628D61862008BEADC /* Preview Content */,
			);
			path = GraffitexApp;
			sourceTree = "<group>";
		};
		224A432628D61862008BEADC /* Preview Content */ = {
			isa = PBXGroup;
			children = (
				224A432728D61862008BEADC /* Preview Assets.xcassets */,
			);
			path = "Preview Content";
			sourceTree = "<group>";
		};
		2261F0A428D625CB0018DB5D /* Model */ = {
			isa = PBXGroup;
			children = (
			);
			path = Model;
			sourceTree = "<group>";
		};
		228FB93428D6767E009BAE57 /* Audio */ = {
			isa = PBXGroup;
			children = (
				228FB93528D676A5009BAE57 /* SpraySound.mp3 */,
			);
			path = Audio;
			sourceTree = "<group>";
		};
		A14F5C5F28D61D26008D1427 /* Components */ = {
			isa = PBXGroup;
			children = (
				368BF67328D642B0003B6304 /* Slider.swift */,
				2261F0A528D626430018DB5D /* ButtonBar.swift */,
				368BF67528D660EA003B6304 /* ColorPicker.swift */,
			);
			path = Components;
			sourceTree = "<group>";
		};
		A14F5C6028D61D31008D1427 /* Coordinators */ = {
			isa = PBXGroup;
			children = (
				A14F5C6228D61E58008D1427 /* Coordinator.swift */,
			);
			path = Coordinators;
			sourceTree = "<group>";
		};
		A14F5C6128D61D39008D1427 /* Resources */ = {
			isa = PBXGroup;
			children = (
			);
			path = Resources;
			sourceTree = "<group>";
		};
		A14F5C6428D61E6B008D1427 /* Extensions */ = {
			isa = PBXGroup;
			children = (
			);
			path = Extensions;
			sourceTree = "<group>";
		};
		A14F5C6528D61E74008D1427 /* Views */ = {
			isa = PBXGroup;
			children = (
				224A432028D61861008BEADC /* ContentView.swift */,
			);
			path = Views;
			sourceTree = "<group>";
		};
/* End PBXGroup section */

/* Begin PBXNativeTarget section */
		224A431A28D61861008BEADC /* GraffitexApp */ = {
			isa = PBXNativeTarget;
			buildConfigurationList = 224A432B28D61862008BEADC /* Build configuration list for PBXNativeTarget "GraffitexApp" */;
			buildPhases = (
				224A431728D61861008BEADC /* Sources */,
				224A431828D61861008BEADC /* Frameworks */,
				224A431928D61861008BEADC /* Resources */,
			);
			buildRules = (
			);
			dependencies = (
			);
			name = GraffitexApp;
			productName = GraffitexApp;
			productReference = 224A431B28D61861008BEADC /* GraffitexApp.app */;
			productType = "com.apple.product-type.application";
		};
/* End PBXNativeTarget section */

/* Begin PBXProject section */
		224A431328D61861008BEADC /* Project object */ = {
			isa = PBXProject;
			attributes = {
				BuildIndependentTargetsInParallel = 1;
				LastSwiftUpdateCheck = 1340;
				LastUpgradeCheck = 1340;
				TargetAttributes = {
					224A431A28D61861008BEADC = {
						CreatedOnToolsVersion = 13.4.1;
					};
				};
			};
			buildConfigurationList = 224A431628D61861008BEADC /* Build configuration list for PBXProject "GraffitexApp" */;
			compatibilityVersion = "Xcode 13.0";
			developmentRegion = en;
			hasScannedForEncodings = 0;
			knownRegions = (
				en,
				Base,
			);
			mainGroup = 224A431228D61861008BEADC;
			productRefGroup = 224A431C28D61861008BEADC /* Products */;
			projectDirPath = "";
			projectRoot = "";
			targets = (
				224A431A28D61861008BEADC /* GraffitexApp */,
			);
		};
/* End PBXProject section */

/* Begin PBXResourcesBuildPhase section */
		224A431928D61861008BEADC /* Resources */ = {
			isa = PBXResourcesBuildPhase;
			buildActionMask = 2147483647;
			files = (
				368BF67A28D69688003B6304 /* SprayCan_Transparent_pressed.png in Resources */,
				224A432828D61862008BEADC /* Preview Assets.xcassets in Resources */,
				368BF67828D69680003B6304 /* SprayCan_Transparent.png in Resources */,
				228FB93628D676A5009BAE57 /* SpraySound.mp3 in Resources */,
				224A432528D61862008BEADC /* Assets.xcassets in Resources */,
			);
			runOnlyForDeploymentPostprocessing = 0;
		};
/* End PBXResourcesBuildPhase section */

/* Begin PBXSourcesBuildPhase section */
		224A431728D61861008BEADC /* Sources */ = {
			isa = PBXSourcesBuildPhase;
			buildActionMask = 2147483647;
			files = (
				224A432128D61861008BEADC /* ContentView.swift in Sources */,
				224A431F28D61861008BEADC /* AppDelegate.swift in Sources */,
				A14F5C6328D61E58008D1427 /* Coordinator.swift in Sources */,
				2261F0A628D626430018DB5D /* ButtonBar.swift in Sources */,
				368BF67428D642B0003B6304 /* Slider.swift in Sources */,
				368BF67628D660EA003B6304 /* ColorPicker.swift in Sources */,
			);
			runOnlyForDeploymentPostprocessing = 0;
		};
/* End PBXSourcesBuildPhase section */

/* Begin XCBuildConfiguration section */
		224A432928D61862008BEADC /* Debug */ = {
			isa = XCBuildConfiguration;
			buildSettings = {
				ALWAYS_SEARCH_USER_PATHS = NO;
				CLANG_ANALYZER_NONNULL = YES;
				CLANG_ANALYZER_NUMBER_OBJECT_CONVERSION = YES_AGGRESSIVE;
				CLANG_CXX_LANGUAGE_STANDARD = "gnu++17";
				CLANG_ENABLE_MODULES = YES;
				CLANG_ENABLE_OBJC_ARC = YES;
				CLANG_ENABLE_OBJC_WEAK = YES;
				CLANG_WARN_BLOCK_CAPTURE_AUTORELEASING = YES;
				CLANG_WARN_BOOL_CONVERSION = YES;
				CLANG_WARN_COMMA = YES;
				CLANG_WARN_CONSTANT_CONVERSION = YES;
				CLANG_WARN_DEPRECATED_OBJC_IMPLEMENTATIONS = YES;
				CLANG_WARN_DIRECT_OBJC_ISA_USAGE = YES_ERROR;
				CLANG_WARN_DOCUMENTATION_COMMENTS = YES;
				CLANG_WARN_EMPTY_BODY = YES;
				CLANG_WARN_ENUM_CONVERSION = YES;
				CLANG_WARN_INFINITE_RECURSION = YES;
				CLANG_WARN_INT_CONVERSION = YES;
				CLANG_WARN_NON_LITERAL_NULL_CONVERSION = YES;
				CLANG_WARN_OBJC_IMPLICIT_RETAIN_SELF = YES;
				CLANG_WARN_OBJC_LITERAL_CONVERSION = YES;
				CLANG_WARN_OBJC_ROOT_CLASS = YES_ERROR;
				CLANG_WARN_QUOTED_INCLUDE_IN_FRAMEWORK_HEADER = YES;
				CLANG_WARN_RANGE_LOOP_ANALYSIS = YES;
				CLANG_WARN_STRICT_PROTOTYPES = YES;
				CLANG_WARN_SUSPICIOUS_MOVE = YES;
				CLANG_WARN_UNGUARDED_AVAILABILITY = YES_AGGRESSIVE;
				CLANG_WARN_UNREACHABLE_CODE = YES;
				CLANG_WARN__DUPLICATE_METHOD_MATCH = YES;
				COPY_PHASE_STRIP = NO;
				DEBUG_INFORMATION_FORMAT = dwarf;
				ENABLE_STRICT_OBJC_MSGSEND = YES;
				ENABLE_TESTABILITY = YES;
				GCC_C_LANGUAGE_STANDARD = gnu11;
				GCC_DYNAMIC_NO_PIC = NO;
				GCC_NO_COMMON_BLOCKS = YES;
				GCC_OPTIMIZATION_LEVEL = 0;
				GCC_PREPROCESSOR_DEFINITIONS = (
					"DEBUG=1",
					"$(inherited)",
				);
				GCC_WARN_64_TO_32_BIT_CONVERSION = YES;
				GCC_WARN_ABOUT_RETURN_TYPE = YES_ERROR;
				GCC_WARN_UNDECLARED_SELECTOR = YES;
				GCC_WARN_UNINITIALIZED_AUTOS = YES_AGGRESSIVE;
				GCC_WARN_UNUSED_FUNCTION = YES;
				GCC_WARN_UNUSED_VARIABLE = YES;
				IPHONEOS_DEPLOYMENT_TARGET = 15.5;
				MTL_ENABLE_DEBUG_INFO = INCLUDE_SOURCE;
				MTL_FAST_MATH = YES;
				ONLY_ACTIVE_ARCH = YES;
				SDKROOT = iphoneos;
				SWIFT_ACTIVE_COMPILATION_CONDITIONS = DEBUG;
				SWIFT_OPTIMIZATION_LEVEL = "-Onone";
			};
			name = Debug;
		};
		224A432A28D61862008BEADC /* Release */ = {
			isa = XCBuildConfiguration;
			buildSettings = {
				ALWAYS_SEARCH_USER_PATHS = NO;
				CLANG_ANALYZER_NONNULL = YES;
				CLANG_ANALYZER_NUMBER_OBJECT_CONVERSION = YES_AGGRESSIVE;
				CLANG_CXX_LANGUAGE_STANDARD = "gnu++17";
				CLANG_ENABLE_MODULES = YES;
				CLANG_ENABLE_OBJC_ARC = YES;
				CLANG_ENABLE_OBJC_WEAK = YES;
				CLANG_WARN_BLOCK_CAPTURE_AUTORELEASING = YES;
				CLANG_WARN_BOOL_CONVERSION = YES;
				CLANG_WARN_COMMA = YES;
				CLANG_WARN_CONSTANT_CONVERSION = YES;
				CLANG_WARN_DEPRECATED_OBJC_IMPLEMENTATIONS = YES;
				CLANG_WARN_DIRECT_OBJC_ISA_USAGE = YES_ERROR;
				CLANG_WARN_DOCUMENTATION_COMMENTS = YES;
				CLANG_WARN_EMPTY_BODY = YES;
				CLANG_WARN_ENUM_CONVERSION = YES;
				CLANG_WARN_INFINITE_RECURSION = YES;
				CLANG_WARN_INT_CONVERSION = YES;
				CLANG_WARN_NON_LITERAL_NULL_CONVERSION = YES;
				CLANG_WARN_OBJC_IMPLICIT_RETAIN_SELF = YES;
				CLANG_WARN_OBJC_LITERAL_CONVERSION = YES;
				CLANG_WARN_OBJC_ROOT_CLASS = YES_ERROR;
				CLANG_WARN_QUOTED_INCLUDE_IN_FRAMEWORK_HEADER = YES;
				CLANG_WARN_RANGE_LOOP_ANALYSIS = YES;
				CLANG_WARN_STRICT_PROTOTYPES = YES;
				CLANG_WARN_SUSPICIOUS_MOVE = YES;
				CLANG_WARN_UNGUARDED_AVAILABILITY = YES_AGGRESSIVE;
				CLANG_WARN_UNREACHABLE_CODE = YES;
				CLANG_WARN__DUPLICATE_METHOD_MATCH = YES;
				COPY_PHASE_STRIP = NO;
				DEBUG_INFORMATION_FORMAT = "dwarf-with-dsym";
				ENABLE_NS_ASSERTIONS = NO;
				ENABLE_STRICT_OBJC_MSGSEND = YES;
				GCC_C_LANGUAGE_STANDARD = gnu11;
				GCC_NO_COMMON_BLOCKS = YES;
				GCC_WARN_64_TO_32_BIT_CONVERSION = YES;
				GCC_WARN_ABOUT_RETURN_TYPE = YES_ERROR;
				GCC_WARN_UNDECLARED_SELECTOR = YES;
				GCC_WARN_UNINITIALIZED_AUTOS = YES_AGGRESSIVE;
				GCC_WARN_UNUSED_FUNCTION = YES;
				GCC_WARN_UNUSED_VARIABLE = YES;
				IPHONEOS_DEPLOYMENT_TARGET = 15.5;
				MTL_ENABLE_DEBUG_INFO = NO;
				MTL_FAST_MATH = YES;
				SDKROOT = iphoneos;
				SWIFT_COMPILATION_MODE = wholemodule;
				SWIFT_OPTIMIZATION_LEVEL = "-O";
				VALIDATE_PRODUCT = YES;
			};
			name = Release;
		};
		224A432C28D61862008BEADC /* Debug */ = {
			isa = XCBuildConfiguration;
			buildSettings = {
				ASSETCATALOG_COMPILER_APPICON_NAME = AppIcon;
				ASSETCATALOG_COMPILER_GLOBAL_ACCENT_COLOR_NAME = AccentColor;
				CODE_SIGN_STYLE = Automatic;
				CURRENT_PROJECT_VERSION = 1;
				DEVELOPMENT_ASSET_PATHS = "\"GraffitexApp/Preview Content\"";
				DEVELOPMENT_TEAM = GS638249K2;
				ENABLE_PREVIEWS = YES;
				GENERATE_INFOPLIST_FILE = YES;
				INFOPLIST_KEY_NSCameraUsageDescription = "";
				INFOPLIST_KEY_UIApplicationSupportsIndirectInputEvents = YES;
				INFOPLIST_KEY_UILaunchScreen_Generation = YES;
				INFOPLIST_KEY_UIRequiredDeviceCapabilities = arkit;
				INFOPLIST_KEY_UIStatusBarHidden = YES;
				INFOPLIST_KEY_UISupportedInterfaceOrientations_iPad = "UIInterfaceOrientationPortrait UIInterfaceOrientationPortraitUpsideDown UIInterfaceOrientationLandscapeLeft UIInterfaceOrientationLandscapeRight";
				INFOPLIST_KEY_UISupportedInterfaceOrientations_iPhone = "UIInterfaceOrientationPortrait UIInterfaceOrientationLandscapeLeft UIInterfaceOrientationLandscapeRight";
				LD_RUNPATH_SEARCH_PATHS = (
					"$(inherited)",
					"@executable_path/Frameworks",
				);
				MARKETING_VERSION = 1.0;
				PRODUCT_BUNDLE_IDENTIFIER = Graffitex.GraffitexApp2022;
				PRODUCT_NAME = "$(TARGET_NAME)";
				SWIFT_EMIT_LOC_STRINGS = YES;
				SWIFT_VERSION = 5.0;
				TARGETED_DEVICE_FAMILY = "1,2";
			};
			name = Debug;
		};
		224A432D28D61862008BEADC /* Release */ = {
			isa = XCBuildConfiguration;
			buildSettings = {
				ASSETCATALOG_COMPILER_APPICON_NAME = AppIcon;
				ASSETCATALOG_COMPILER_GLOBAL_ACCENT_COLOR_NAME = AccentColor;
				CODE_SIGN_STYLE = Automatic;
				CURRENT_PROJECT_VERSION = 1;
				DEVELOPMENT_ASSET_PATHS = "\"GraffitexApp/Preview Content\"";
				DEVELOPMENT_TEAM = GS638249K2;
				ENABLE_PREVIEWS = YES;
				GENERATE_INFOPLIST_FILE = YES;
				INFOPLIST_KEY_NSCameraUsageDescription = "";
				INFOPLIST_KEY_UIApplicationSupportsIndirectInputEvents = YES;
				INFOPLIST_KEY_UILaunchScreen_Generation = YES;
				INFOPLIST_KEY_UIRequiredDeviceCapabilities = arkit;
				INFOPLIST_KEY_UIStatusBarHidden = YES;
				INFOPLIST_KEY_UISupportedInterfaceOrientations_iPad = "UIInterfaceOrientationPortrait UIInterfaceOrientationPortraitUpsideDown UIInterfaceOrientationLandscapeLeft UIInterfaceOrientationLandscapeRight";
				INFOPLIST_KEY_UISupportedInterfaceOrientations_iPhone = "UIInterfaceOrientationPortrait UIInterfaceOrientationLandscapeLeft UIInterfaceOrientationLandscapeRight";
				LD_RUNPATH_SEARCH_PATHS = (
					"$(inherited)",
					"@executable_path/Frameworks",
				);
				MARKETING_VERSION = 1.0;
				PRODUCT_BUNDLE_IDENTIFIER = Graffitex.GraffitexApp2022;
				PRODUCT_NAME = "$(TARGET_NAME)";
				SWIFT_EMIT_LOC_STRINGS = YES;
				SWIFT_VERSION = 5.0;
				TARGETED_DEVICE_FAMILY = "1,2";
			};
			name = Release;
		};
/* End XCBuildConfiguration section */

/* Begin XCConfigurationList section */
		224A431628D61861008BEADC /* Build configuration list for PBXProject "GraffitexApp" */ = {
			isa = XCConfigurationList;
			buildConfigurations = (
				224A432928D61862008BEADC /* Debug */,
				224A432A28D61862008BEADC /* Release */,
			);
			defaultConfigurationIsVisible = 0;
			defaultConfigurationName = Release;
		};
		224A432B28D61862008BEADC /* Build configuration list for PBXNativeTarget "GraffitexApp" */ = {
			isa = XCConfigurationList;
			buildConfigurations = (
				224A432C28D61862008BEADC /* Debug */,
				224A432D28D61862008BEADC /* Release */,
			);
			defaultConfigurationIsVisible = 0;
			defaultConfigurationName = Release;
		};
/* End XCConfigurationList section */
	};
	rootObject = 224A431328D61861008BEADC /* Project object */;
}
